{
  "version": 4,
  "terraform_version": "1.14.5",
  "serial": 23,
  "lineage": "a55933c5-ba1c-9982-f9c6-3f9766c5dede",
  "outputs": {},
  "resources": [
    {
      "mode": "managed",
      "type": "aws_internet_gateway",
      "name": "Test-GW",
      "provider": "provider[\"registry.terraform.io/hashicorp/aws\"]",
      "instances": [
        {
          "schema_version": 0,
          "attributes": {
            "arn": "arn:aws:ec2:us-east-1:250887747854:internet-gateway/igw-06bb48486b00009a7",
            "id": "igw-06bb48486b00009a7",
            "owner_id": "250887747854",
            "region": "us-east-1",
            "tags": {
              "Name": "Prod-GW"
            },
            "tags_all": {
              "Name": "Prod-GW"
            },
            "timeouts": null,
            "vpc_id": "vpc-09e7f8cf39649efd8"
          },
          "sensitive_attributes": [],
          "identity_schema_version": 0,
          "private": "eyJlMmJmYjczMC1lY2FhLTExZTYtOGY4OC0zNDM2M2JjN2M0YzAiOnsiY3JlYXRlIjoxMjAwMDAwMDAwMDAwLCJkZWxldGUiOjEyMDAwMDAwMDAwMDAsInVwZGF0ZSI6MTIwMDAwMDAwMDAwMH19",
          "dependencies": [
            "aws_vpc.Test-VPC"
          ]
        }
      ]
    },
    {
      "mode": "managed",
      "type": "aws_route_table",
      "name": "Test-RT",
      "provider": "provider[\"registry.terraform.io/hashicorp/aws\"]",
      "instances": [
        {
          "schema_version": 0,
          "attributes": {
            "arn": "arn:aws:ec2:us-east-1:250887747854:route-table/rtb-04e7d04f667fceab4",
            "id": "rtb-04e7d04f667fceab4",
            "owner_id": "250887747854",
            "propagating_vgws": [],
            "region": "us-east-1",
            "route": [
              {
                "carrier_gateway_id": "",
                "cidr_block": "10.20.0.0/16",
                "core_network_arn": "",
                "destination_prefix_list_id": "",
                "egress_only_gateway_id": "",
                "gateway_id": "igw-06bb48486b00009a7",
                "ipv6_cidr_block": "",
                "local_gateway_id": "",
                "nat_gateway_id": "",
                "network_interface_id": "",
                "transit_gateway_id": "",
                "vpc_endpoint_id": "",
                "vpc_peering_connection_id": ""
              }
            ],
            "tags": {
              "Name": "Test-RT"
            },
            "tags_all": {
              "Name": "Test-RT"
            },
            "timeouts": null,
            "vpc_id": "vpc-09e7f8cf39649efd8"
          },
          "sensitive_attributes": [],
          "identity_schema_version": 0,
          "identity": {
            "account_id": "250887747854",
            "id": "rtb-04e7d04f667fceab4",
            "region": "us-east-1"
          },
          "private": "eyJlMmJmYjczMC1lY2FhLTExZTYtOGY4OC0zNDM2M2JjN2M0YzAiOnsiY3JlYXRlIjozMDAwMDAwMDAwMDAsImRlbGV0ZSI6MzAwMDAwMDAwMDAwLCJ1cGRhdGUiOjEyMDAwMDAwMDAwMH19",
          "dependencies": [
            "aws_internet_gateway.Test-GW",
            "aws_vpc.Test-VPC"
          ]
        }
      ]
    },
    {
      "mode": "managed",
      "type": "aws_vpc",
      "name": "Test-VPC",
      "provider": "provider[\"registry.terraform.io/hashicorp/aws\"]",
      "instances": [
        {
          "schema_version": 1,
          "attributes": {
            "arn": "arn:aws:ec2:us-east-1:250887747854:vpc/vpc-09e7f8cf39649efd8",
            "assign_generated_ipv6_cidr_block": false,
            "cidr_block": "10.19.0.0/16",
            "default_network_acl_id": "acl-0c91c920326b53fce",
            "default_route_table_id": "rtb-01e7c7446fc411bd1",
            "default_security_group_id": "sg-04c878322df0f8653",
            "dhcp_options_id": "dopt-0e37cc77",
            "enable_dns_hostnames": false,
            "enable_dns_support": true,
            "enable_network_address_usage_metrics": false,
            "id": "vpc-09e7f8cf39649efd8",
            "instance_tenancy": "default",
            "ipv4_ipam_pool_id": null,
            "ipv4_netmask_length": null,
            "ipv6_association_id": "",
            "ipv6_cidr_block": "",
            "ipv6_cidr_block_network_border_group": "",
            "ipv6_ipam_pool_id": "",
            "ipv6_netmask_length": 0,
            "main_route_table_id": "rtb-01e7c7446fc411bd1",
            "owner_id": "250887747854",
            "region": "us-east-1",
            "tags": {
              "Name": "Prod-VPC"
            },
            "tags_all": {
              "Name": "Prod-VPC"
            }
          },
          "sensitive_attributes": [],
          "identity_schema_version": 0,
          "identity": {
            "account_id": "250887747854",
            "id": "vpc-09e7f8cf39649efd8",
            "region": "us-east-1"
          },
          "private": "eyJzY2hlbWFfdmVyc2lvbiI6IjEifQ=="
        }
      ]
    }
  ],
  "check_results": null
}
